
Microsoft Visual Studio Solution File, Format Version 12.00
VisualStudioVersion = 12.0.30501.0
MinimumVisualStudioVersion = 12.0.30501.0
Project("{8BC9CEB8-8B4A-11D0-8D11-00A0C91BC942}") = "project_generate", "project_generate.vcxproj", "{FA1D2C31-D809-4021-9DE4-7552704175EE}"
EndProject
Global
	GlobalSection(SolutionConfigurationPlatforms) = preSolution
		Debug|x64 = Debug|x64
		Debug|x86 = Debug|x86
		Release|x64 = Release|x64
		Release|x86 = Release|x86
	EndGlobalSection
	GlobalSection(ProjectConfigurationPlatforms) = postSolution
		{FA1D2C31-D809-4021-9DE4-7552704175EE}.Debug|x64.ActiveCfg = Debug|x64
		{FA1D2C31-D809-4021-9DE4-7552704175EE}.Debug|x64.Build.0 = Debug|x64
		{FA1D2C31-D809-4021-9DE4-7552704175EE}.Debug|x86.ActiveCfg = Debug|Win32
		{FA1D2C31-D809-4021-9DE4-7552704175EE}.Debug|x86.Build.0 = Debug|Win32
		{FA1D2C31-D809-4021-9DE4-7552704175EE}.Release|x64.ActiveCfg = Release|x64
		{FA1D2C31-D809-4021-9DE4-7552704175EE}.Release|x64.Build.0 = Release|x64
		{FA1D2C31-D809-4021-9DE4-7552704175EE}.Release|x86.ActiveCfg = Release|Win32
		{FA1D2C31-D809-4021-9DE4-7552704175EE}.Release|x86.Build.0 = Release|Win32
	EndGlobalSection
	GlobalSection(SolutionProperties) = preSolution
		HideSolutionNode = FALSE
	EndGlobalSection
EndGlobal
